<?xml version="1.0" encoding="utf-8"?>
<Project ToolsVersion="4.0" xmlns="http://schemas.microsoft.com/developer/msbuild/2003">
  <ItemGroup>
    <Filter Include="Miros">
      <UniqueIdentifier>{6FE6AB0D-DBFA-D3BE-A47C-771E1050D0EF}</UniqueIdentifier>
    </Filter>
    <Filter Include="Miros\Events">
      <UniqueIdentifier>{731F8E00-5F82-1DA5-0808-565BF449E927}</UniqueIdentifier>
    </Filter>
    <Filter Include="Miros\Platform">
      <UniqueIdentifier>{A3CFB178-8F9D-A57E-7831-16A5649E81E3}</UniqueIdentifier>
    </Filter>
  </ItemGroup>
  <ItemGroup>
    <ClInclude Include="src\Miros.h" />
    <ClInclude Include="src\Miros\Application.h">
      <Filter>Miros</Filter>
    </ClInclude>
    <ClInclude Include="src\Miros\Core.h">
      <Filter>Miros</Filter>
    </ClInclude>
    <ClInclude Include="src\Miros\EntryPoint.h">
      <Filter>Miros</Filter>
    </ClInclude>
    <ClInclude Include="src\Miros\Events\AppicationEvent.h">
      <Filter>Miros\Events</Filter>
    </ClInclude>
    <ClInclude Include="src\Miros\Events\Event.h">
      <Filter>Miros\Events</Filter>
    </ClInclude>
    <ClInclude Include="src\Miros\Events\KeyEvent.h">
      <Filter>Miros\Events</Filter>
    </ClInclude>
    <ClInclude Include="src\Miros\Events\MouseEvent.h">
      <Filter>Miros\Events</Filter>
    </ClInclude>
    <ClInclude Include="src\Miros\Log.h">
      <Filter>Miros</Filter>
    </ClInclude>
    <ClInclude Include="src\Miros\Platform\WindowsWindow.h">
      <Filter>Miros\Platform</Filter>
    </ClInclude>
    <ClInclude Include="src\Miros\Window.h">
      <Filter>Miros</Filter>
    </ClInclude>
  </ItemGroup>
  <ItemGroup>
    <ClCompile Include="src\Miros\Application.cpp">
      <Filter>Miros</Filter>
    </ClCompile>
    <ClCompile Include="src\Miros\Log.cpp">
      <Filter>Miros</Filter>
    </ClCompile>
    <ClCompile Include="src\Miros\Platform\WindowsWindow.cpp">
      <Filter>Miros\Platform</Filter>
    </ClCompile>
  </ItemGroup>
</Project>