
Microsoft Visual Studio Solution File, Format Version 12.00
# Visual Studio Version 17
VisualStudioVersion = 17.4.33205.214
MinimumVisualStudioVersion = 10.0.40219.1
Project("{8BC9CEB8-8B4A-11D0-8D11-00A0C91BC942}") = "Miros", "Miros\Miros.vcxproj", "{AD946D45-E37A-4A3F-B178-8B8B11747718}"
EndProject
Project("{8BC9CEB8-8B4A-11D0-8D11-00A0C91BC942}") = "Sandbox", "Sandbox\Sandbox.vcxproj", "{5B800B6F-EB8D-41B1-B8B6-E43C6AF3B142}"
EndProject
Global
	GlobalSection(SolutionConfigurationPlatforms) = preSolution
		Debug|x64 = Debug|x64
		Debug|x86 = Debug|x86
		Release|x64 = Release|x64
		Release|x86 = Release|x86
	EndGlobalSection
	GlobalSection(ProjectConfigurationPlatforms) = postSolution
		{AD946D45-E37A-4A3F-B178-8B8B11747718}.Debug|x64.ActiveCfg = Debug|x64
		{AD946D45-E37A-4A3F-B178-8B8B11747718}.Debug|x64.Build.0 = Debug|x64
		{AD946D45-E37A-4A3F-B178-8B8B11747718}.Debug|x86.ActiveCfg = Debug|x64
		{AD946D45-E37A-4A3F-B178-8B8B11747718}.Release|x64.ActiveCfg = Release|x64
		{AD946D45-E37A-4A3F-B178-8B8B11747718}.Release|x64.Build.0 = Release|x64
		{AD946D45-E37A-4A3F-B178-8B8B11747718}.Release|x86.ActiveCfg = Release|x64
		{5B800B6F-EB8D-41B1-B8B6-E43C6AF3B142}.Debug|x64.ActiveCfg = Debug|x64
		{5B800B6F-EB8D-41B1-B8B6-E43C6AF3B142}.Debug|x64.Build.0 = Debug|x64
		{5B800B6F-EB8D-41B1-B8B6-E43C6AF3B142}.Debug|x86.ActiveCfg = Debug|x64
		{5B800B6F-EB8D-41B1-B8B6-E43C6AF3B142}.Release|x64.ActiveCfg = Release|x64
		{5B800B6F-EB8D-41B1-B8B6-E43C6AF3B142}.Release|x64.Build.0 = Release|x64
		{5B800B6F-EB8D-41B1-B8B6-E43C6AF3B142}.Release|x86.ActiveCfg = Release|x64
	EndGlobalSection
	GlobalSection(SolutionProperties) = preSolution
		HideSolutionNode = FALSE
	EndGlobalSection
	GlobalSection(ExtensibilityGlobals) = postSolution
		SolutionGuid = {C56BD8A6-CF99-402D-9EBF-A535D421FECF}
	EndGlobalSection
EndGlobal
